
Microsoft Visual Studio Solution File, Format Version 12.00
# Visual Studio Version 17
VisualStudioVersion = 17.12.35506.116 d17.12
MinimumVisualStudioVersion = 10.0.40219.1
Project("{2150E333-8FDC-42A3-9474-1A3956D46DE8}") = "src", "src", "{FCDD17BA-EC4D-423D-AA84-78ABE2314170}"
EndProject
Project("{2150E333-8FDC-42A3-9474-1A3956D46DE8}") = "core", "core", "{75847327-90FD-45F1-8A69-B469E5C8A16B}"
EndProject
Project("{2150E333-8FDC-42A3-9474-1A3956D46DE8}") = "infrastructure", "infrastructure", "{776F7A5E-0639-4FA9-99C8-D7EAF3A119DE}"
EndProject
Project("{2150E333-8FDC-42A3-9474-1A3956D46DE8}") = "api", "api", "{6E13B00A-1296-4331-8E75-B212C6AF0444}"
EndProject
Project("{FAE04EC0-301F-11D3-BF4B-00C04F79EFBC}") = "UseCaseRJ.api", "UseCaseRJ\UseCaseRJ.api.csproj", "{0CBFFF15-1772-47F2-B341-AD5D72EB8B09}"
EndProject
Project("{FAE04EC0-301F-11D3-BF4B-00C04F79EFBC}") = "UseCaseRJ.application", "application\UseCaseRJ.application.csproj", "{F1C2AD0C-0CF9-4C6D-9BCB-565EBF390DAB}"
EndProject
Project("{FAE04EC0-301F-11D3-BF4B-00C04F79EFBC}") = "UseCaseRJ.domain", "domain\UseCaseRJ.domain.csproj", "{92CE5FE4-A29A-4119-9888-909E239CB7B5}"
EndProject
Project("{FAE04EC0-301F-11D3-BF4B-00C04F79EFBC}") = "UseCaseRJ.infrastructure", "infrastructure\UseCaseRJ.infrastructure.csproj", "{8B1FA9CA-4ABA-4F7A-8674-CE2E40CED6AF}"
EndProject
Project("{FAE04EC0-301F-11D3-BF4B-00C04F79EFBC}") = "UseCaseRJ.persistence", "persistence\UseCaseRJ.persistence.csproj", "{78249E38-F199-479A-BF58-52BBB7C37BCA}"
EndProject
Global
	GlobalSection(SolutionConfigurationPlatforms) = preSolution
		Debug|Any CPU = Debug|Any CPU
		Release|Any CPU = Release|Any CPU
	EndGlobalSection
	GlobalSection(ProjectConfigurationPlatforms) = postSolution
		{0CBFFF15-1772-47F2-B341-AD5D72EB8B09}.Debug|Any CPU.ActiveCfg = Debug|Any CPU
		{0CBFFF15-1772-47F2-B341-AD5D72EB8B09}.Debug|Any CPU.Build.0 = Debug|Any CPU
		{0CBFFF15-1772-47F2-B341-AD5D72EB8B09}.Release|Any CPU.ActiveCfg = Release|Any CPU
		{0CBFFF15-1772-47F2-B341-AD5D72EB8B09}.Release|Any CPU.Build.0 = Release|Any CPU
		{F1C2AD0C-0CF9-4C6D-9BCB-565EBF390DAB}.Debug|Any CPU.ActiveCfg = Debug|Any CPU
		{F1C2AD0C-0CF9-4C6D-9BCB-565EBF390DAB}.Debug|Any CPU.Build.0 = Debug|Any CPU
		{F1C2AD0C-0CF9-4C6D-9BCB-565EBF390DAB}.Release|Any CPU.ActiveCfg = Release|Any CPU
		{F1C2AD0C-0CF9-4C6D-9BCB-565EBF390DAB}.Release|Any CPU.Build.0 = Release|Any CPU
		{92CE5FE4-A29A-4119-9888-909E239CB7B5}.Debug|Any CPU.ActiveCfg = Debug|Any CPU
		{92CE5FE4-A29A-4119-9888-909E239CB7B5}.Debug|Any CPU.Build.0 = Debug|Any CPU
		{92CE5FE4-A29A-4119-9888-909E239CB7B5}.Release|Any CPU.ActiveCfg = Release|Any CPU
		{92CE5FE4-A29A-4119-9888-909E239CB7B5}.Release|Any CPU.Build.0 = Release|Any CPU
		{8B1FA9CA-4ABA-4F7A-8674-CE2E40CED6AF}.Debug|Any CPU.ActiveCfg = Debug|Any CPU
		{8B1FA9CA-4ABA-4F7A-8674-CE2E40CED6AF}.Debug|Any CPU.Build.0 = Debug|Any CPU
		{8B1FA9CA-4ABA-4F7A-8674-CE2E40CED6AF}.Release|Any CPU.ActiveCfg = Release|Any CPU
		{8B1FA9CA-4ABA-4F7A-8674-CE2E40CED6AF}.Release|Any CPU.Build.0 = Release|Any CPU
		{78249E38-F199-479A-BF58-52BBB7C37BCA}.Debug|Any CPU.ActiveCfg = Debug|Any CPU
		{78249E38-F199-479A-BF58-52BBB7C37BCA}.Debug|Any CPU.Build.0 = Debug|Any CPU
		{78249E38-F199-479A-BF58-52BBB7C37BCA}.Release|Any CPU.ActiveCfg = Release|Any CPU
		{78249E38-F199-479A-BF58-52BBB7C37BCA}.Release|Any CPU.Build.0 = Release|Any CPU
	EndGlobalSection
	GlobalSection(SolutionProperties) = preSolution
		HideSolutionNode = FALSE
	EndGlobalSection
	GlobalSection(NestedProjects) = preSolution
		{75847327-90FD-45F1-8A69-B469E5C8A16B} = {FCDD17BA-EC4D-423D-AA84-78ABE2314170}
		{776F7A5E-0639-4FA9-99C8-D7EAF3A119DE} = {FCDD17BA-EC4D-423D-AA84-78ABE2314170}
		{6E13B00A-1296-4331-8E75-B212C6AF0444} = {FCDD17BA-EC4D-423D-AA84-78ABE2314170}
		{0CBFFF15-1772-47F2-B341-AD5D72EB8B09} = {6E13B00A-1296-4331-8E75-B212C6AF0444}
		{F1C2AD0C-0CF9-4C6D-9BCB-565EBF390DAB} = {75847327-90FD-45F1-8A69-B469E5C8A16B}
		{92CE5FE4-A29A-4119-9888-909E239CB7B5} = {75847327-90FD-45F1-8A69-B469E5C8A16B}
		{8B1FA9CA-4ABA-4F7A-8674-CE2E40CED6AF} = {776F7A5E-0639-4FA9-99C8-D7EAF3A119DE}
		{78249E38-F199-479A-BF58-52BBB7C37BCA} = {776F7A5E-0639-4FA9-99C8-D7EAF3A119DE}
	EndGlobalSection
EndGlobal
